
Microsoft Visual Studio Solution File, Format Version 12.00
# Visual Studio Version 17
VisualStudioVersion = 17.1.32407.343
MinimumVisualStudioVersion = 10.0.40219.1
Project("{FAE04EC0-301F-11D3-BF4B-00C04F79EFBC}") = "WpfApp1", "WpfApp1.csproj", "{A5614B8B-6225-48B6-8701-62B9608749E8}"
EndProject
Global
	GlobalSection(SolutionConfigurationPlatforms) = preSolution
		Debug|Any CPU = Debug|Any CPU
		Release|Any CPU = Release|Any CPU
	EndGlobalSection
	GlobalSection(ProjectConfigurationPlatforms) = postSolution
		{A5614B8B-6225-48B6-8701-62B9608749E8}.Debug|Any CPU.ActiveCfg = Debug|Any CPU
		{A5614B8B-6225-48B6-8701-62B9608749E8}.Debug|Any CPU.Build.0 = Debug|Any CPU
		{A5614B8B-6225-48B6-8701-62B9608749E8}.Release|Any CPU.ActiveCfg = Release|Any CPU
		{A5614B8B-6225-48B6-8701-62B9608749E8}.Release|Any CPU.Build.0 = Release|Any CPU
	EndGlobalSection
	GlobalSection(SolutionProperties) = preSolution
		HideSolutionNode = FALSE
	EndGlobalSection
	GlobalSection(ExtensibilityGlobals) = postSolution
		SolutionGuid = {4911DB5F-75A5-4757-8087-B218F560D3B3}
	EndGlobalSection
EndGlobal
